
Microsoft Visual Studio Solution File, Format Version 12.00
# Visual Studio Version 16
VisualStudioVersion = 16.0.31613.86
MinimumVisualStudioVersion = 10.0.40219.1
Project("{9A19103F-16F7-4668-BE54-9A1E7A4F7556}") = "TpTools", "TpLoader\TpTools.csproj", "{E06556B7-DDEF-4B09-ACF0-9E4F62BE3E39}"
EndProject
Project("{9A19103F-16F7-4668-BE54-9A1E7A4F7556}") = "ScoreboardConnectWinUI3", "ScoreboardConnectWinUI3\ScoreboardConnectWinUI3.csproj", "{2F2B3935-0B35-43A9-BF15-A119C24B4167}"
EndProject
Project("{9A19103F-16F7-4668-BE54-9A1E7A4F7556}") = "TestTp", "TestTp\TestTp.csproj", "{219C64F0-B33E-4451-A5D3-4147165B6349}"
EndProject
Project("{54435603-DBB4-11D2-8724-00A0C9A8B90C}") = "ScoreboardConnectSetup", "ScoreboardConnectSetup\ScoreboardConnectSetup.vdproj", "{132222A0-AD74-49F2-A49E-185F1A134C1D}"
EndProject
Global
	GlobalSection(SolutionConfigurationPlatforms) = preSolution
		Debug|Any CPU = Debug|Any CPU
		Release|Any CPU = Release|Any CPU
	EndGlobalSection
	GlobalSection(ProjectConfigurationPlatforms) = postSolution
		{E06556B7-DDEF-4B09-ACF0-9E4F62BE3E39}.Debug|Any CPU.ActiveCfg = Debug|Any CPU
		{E06556B7-DDEF-4B09-ACF0-9E4F62BE3E39}.Debug|Any CPU.Build.0 = Debug|Any CPU
		{E06556B7-DDEF-4B09-ACF0-9E4F62BE3E39}.Release|Any CPU.ActiveCfg = Release|Any CPU
		{E06556B7-DDEF-4B09-ACF0-9E4F62BE3E39}.Release|Any CPU.Build.0 = Release|Any CPU
		{2F2B3935-0B35-43A9-BF15-A119C24B4167}.Debug|Any CPU.ActiveCfg = Debug|Any CPU
		{2F2B3935-0B35-43A9-BF15-A119C24B4167}.Debug|Any CPU.Build.0 = Debug|Any CPU
		{2F2B3935-0B35-43A9-BF15-A119C24B4167}.Release|Any CPU.ActiveCfg = Release|Any CPU
		{2F2B3935-0B35-43A9-BF15-A119C24B4167}.Release|Any CPU.Build.0 = Release|Any CPU
		{219C64F0-B33E-4451-A5D3-4147165B6349}.Debug|Any CPU.ActiveCfg = Debug|Any CPU
		{219C64F0-B33E-4451-A5D3-4147165B6349}.Debug|Any CPU.Build.0 = Debug|Any CPU
		{219C64F0-B33E-4451-A5D3-4147165B6349}.Release|Any CPU.ActiveCfg = Release|Any CPU
		{219C64F0-B33E-4451-A5D3-4147165B6349}.Release|Any CPU.Build.0 = Release|Any CPU
		{132222A0-AD74-49F2-A49E-185F1A134C1D}.Debug|Any CPU.ActiveCfg = Debug
		{132222A0-AD74-49F2-A49E-185F1A134C1D}.Release|Any CPU.ActiveCfg = Release
	EndGlobalSection
	GlobalSection(SolutionProperties) = preSolution
		HideSolutionNode = FALSE
	EndGlobalSection
	GlobalSection(ExtensibilityGlobals) = postSolution
		SolutionGuid = {F3429737-B850-4F9C-9066-F695EC21EB32}
	EndGlobalSection
EndGlobal
